
Microsoft Visual Studio Solution File, Format Version 12.00
# Visual Studio Version 16
VisualStudioVersion = 16.0.29806.167
MinimumVisualStudioVersion = 10.0.40219.1
Project("{9A19103F-16F7-4668-BE54-9A1E7A4F7556}") = "PokemonTCG", "PokemonTCG.csproj", "{7D0E062E-0906-42BA-BE83-8655AC5E6B7A}"
EndProject
Global
	GlobalSection(SolutionConfigurationPlatforms) = preSolution
		Debug|Any CPU = Debug|Any CPU
		Release|Any CPU = Release|Any CPU
	EndGlobalSection
	GlobalSection(ProjectConfigurationPlatforms) = postSolution
		{7D0E062E-0906-42BA-BE83-8655AC5E6B7A}.Debug|Any CPU.ActiveCfg = Debug|Any CPU
		{7D0E062E-0906-42BA-BE83-8655AC5E6B7A}.Debug|Any CPU.Build.0 = Debug|Any CPU
		{7D0E062E-0906-42BA-BE83-8655AC5E6B7A}.Release|Any CPU.ActiveCfg = Release|Any CPU
		{7D0E062E-0906-42BA-BE83-8655AC5E6B7A}.Release|Any CPU.Build.0 = Release|Any CPU
	EndGlobalSection
	GlobalSection(SolutionProperties) = preSolution
		HideSolutionNode = FALSE
	EndGlobalSection
	GlobalSection(ExtensibilityGlobals) = postSolution
		SolutionGuid = {0FE1DD3A-9A96-4A52-80CE-48F52A2DE40A}
	EndGlobalSection
EndGlobal
